<?xml version="1.0" encoding="utf-8"?>
<Project ToolsVersion="4.0" xmlns="http://schemas.microsoft.com/developer/msbuild/2003">
  <ItemGroup>
    <ClInclude Include="stdafx.h" />
    <ClInclude Include="Main.h" />
    <ClInclude Include="VertexLineDemo.h" />
    <ClInclude Include="VertexLine2Demo.h" />
    <ClInclude Include="VertexColorDemo.h" />
    <ClInclude Include="TriangleDemo.h" />
    <ClInclude Include="RectangleDemo.h" />
    <ClInclude Include="WorldDemo.h" />
    <ClInclude Include="World2Demo.h" />
  </ItemGroup>
  <ItemGroup>
    <ClCompile Include="stdafx.cpp" />
    <ClCompile Include="Main.cpp" />
    <ClCompile Include="VertexLineDemo.cpp" />
    <ClCompile Include="VertexLine2Demo.cpp" />
    <ClCompile Include="VertexColorDemo.cpp" />
    <ClCompile Include="TriangleDemo.cpp" />
    <ClCompile Include="RectangleDemo.cpp" />
    <ClCompile Include="WorldDemo.cpp" />
    <ClCompile Include="World2Demo.cpp" />
  </ItemGroup>
</Project>